
Microsoft Visual Studio Solution File, Format Version 12.00
# Visual Studio 2013
VisualStudioVersion = 12.0.30723.0
MinimumVisualStudioVersion = 10.0.40219.1
Project("{FAE04EC0-301F-11D3-BF4B-00C04F79EFBC}") = "WindowsGame1", "WindowsGame1\WindowsGame1\WindowsGame1.csproj", "{8015DC02-BC61-4ACD-8324-0F81592F7E10}"
EndProject
Project("{96E2B04D-8817-42C6-938A-82C39BA4D311}") = "WindowsGame1Content", "WindowsGame1\WindowsGame1Content\WindowsGame1Content.contentproj", "{D138EC46-EF20-43E0-BB28-B28DAFF97980}"
EndProject
Global
	GlobalSection(SolutionConfigurationPlatforms) = preSolution
		Debug|x86 = Debug|x86
		Release|x86 = Release|x86
	EndGlobalSection
	GlobalSection(ProjectConfigurationPlatforms) = postSolution
		{8015DC02-BC61-4ACD-8324-0F81592F7E10}.Debug|x86.ActiveCfg = Debug|x86
		{8015DC02-BC61-4ACD-8324-0F81592F7E10}.Debug|x86.Build.0 = Debug|x86
		{8015DC02-BC61-4ACD-8324-0F81592F7E10}.Release|x86.ActiveCfg = Release|x86
		{8015DC02-BC61-4ACD-8324-0F81592F7E10}.Release|x86.Build.0 = Release|x86
		{D138EC46-EF20-43E0-BB28-B28DAFF97980}.Debug|x86.ActiveCfg = Debug|x86
		{D138EC46-EF20-43E0-BB28-B28DAFF97980}.Release|x86.ActiveCfg = Release|x86
	EndGlobalSection
	GlobalSection(SolutionProperties) = preSolution
		HideSolutionNode = FALSE
	EndGlobalSection
EndGlobal
